
Microsoft Visual Studio Solution File, Format Version 12.00
# Visual Studio 15
VisualStudioVersion = 15.0.28010.2041
MinimumVisualStudioVersion = 10.0.40219.1
Project("{9A19103F-16F7-4668-BE54-9A1E7A4F7556}") = "ProductData", "ProductData\ProductData.csproj", "{A05C3EE8-8F2C-458B-9DBF-64D7FED3AB3D}"
EndProject
Project("{FAE04EC0-301F-11D3-BF4B-00C04F79EFBC}") = "Executabil", "Executabil\Executabil.csproj", "{C6D1CDE4-E5D1-4D33-9980-EE317D65BD34}"
EndProject
Global
	GlobalSection(SolutionConfigurationPlatforms) = preSolution
		Debug|Any CPU = Debug|Any CPU
		Release|Any CPU = Release|Any CPU
	EndGlobalSection
	GlobalSection(ProjectConfigurationPlatforms) = postSolution
		{A05C3EE8-8F2C-458B-9DBF-64D7FED3AB3D}.Debug|Any CPU.ActiveCfg = Debug|Any CPU
		{A05C3EE8-8F2C-458B-9DBF-64D7FED3AB3D}.Debug|Any CPU.Build.0 = Debug|Any CPU
		{A05C3EE8-8F2C-458B-9DBF-64D7FED3AB3D}.Release|Any CPU.ActiveCfg = Release|Any CPU
		{A05C3EE8-8F2C-458B-9DBF-64D7FED3AB3D}.Release|Any CPU.Build.0 = Release|Any CPU
		{C6D1CDE4-E5D1-4D33-9980-EE317D65BD34}.Debug|Any CPU.ActiveCfg = Debug|Any CPU
		{C6D1CDE4-E5D1-4D33-9980-EE317D65BD34}.Debug|Any CPU.Build.0 = Debug|Any CPU
		{C6D1CDE4-E5D1-4D33-9980-EE317D65BD34}.Release|Any CPU.ActiveCfg = Release|Any CPU
		{C6D1CDE4-E5D1-4D33-9980-EE317D65BD34}.Release|Any CPU.Build.0 = Release|Any CPU
	EndGlobalSection
	GlobalSection(SolutionProperties) = preSolution
		HideSolutionNode = FALSE
	EndGlobalSection
	GlobalSection(ExtensibilityGlobals) = postSolution
		SolutionGuid = {812801F8-DF41-4F72-89DB-3DCE7C1300C0}
	EndGlobalSection
EndGlobal
