
Microsoft Visual Studio Solution File, Format Version 12.00
# Visual Studio 15
VisualStudioVersion = 15.0.26124.0
MinimumVisualStudioVersion = 15.0.26124.0
Project("{FAE04EC0-301F-11D3-BF4B-00C04F79EFBC}") = "Product.Data", "Product.Data\Product.Data.csproj", "{7192BDBF-A0DF-4CE8-AAF4-E7F7635AA153}"
EndProject
Project("{FAE04EC0-301F-11D3-BF4B-00C04F79EFBC}") = "Product.Data.Test", "Product.Data.Test\Product.Data.Test.csproj", "{5BCA57C5-449F-4BB9-9F1F-C72F56F5C2A6}"
EndProject
Global
	GlobalSection(SolutionConfigurationPlatforms) = preSolution
		Debug|Any CPU = Debug|Any CPU
		Debug|x64 = Debug|x64
		Debug|x86 = Debug|x86
		Release|Any CPU = Release|Any CPU
		Release|x64 = Release|x64
		Release|x86 = Release|x86
	EndGlobalSection
	GlobalSection(SolutionProperties) = preSolution
		HideSolutionNode = FALSE
	EndGlobalSection
	GlobalSection(ProjectConfigurationPlatforms) = postSolution
		{7192BDBF-A0DF-4CE8-AAF4-E7F7635AA153}.Debug|Any CPU.ActiveCfg = Debug|Any CPU
		{7192BDBF-A0DF-4CE8-AAF4-E7F7635AA153}.Debug|Any CPU.Build.0 = Debug|Any CPU
		{7192BDBF-A0DF-4CE8-AAF4-E7F7635AA153}.Debug|x64.ActiveCfg = Debug|Any CPU
		{7192BDBF-A0DF-4CE8-AAF4-E7F7635AA153}.Debug|x64.Build.0 = Debug|Any CPU
		{7192BDBF-A0DF-4CE8-AAF4-E7F7635AA153}.Debug|x86.ActiveCfg = Debug|Any CPU
		{7192BDBF-A0DF-4CE8-AAF4-E7F7635AA153}.Debug|x86.Build.0 = Debug|Any CPU
		{7192BDBF-A0DF-4CE8-AAF4-E7F7635AA153}.Release|Any CPU.ActiveCfg = Release|Any CPU
		{7192BDBF-A0DF-4CE8-AAF4-E7F7635AA153}.Release|Any CPU.Build.0 = Release|Any CPU
		{7192BDBF-A0DF-4CE8-AAF4-E7F7635AA153}.Release|x64.ActiveCfg = Release|Any CPU
		{7192BDBF-A0DF-4CE8-AAF4-E7F7635AA153}.Release|x64.Build.0 = Release|Any CPU
		{7192BDBF-A0DF-4CE8-AAF4-E7F7635AA153}.Release|x86.ActiveCfg = Release|Any CPU
		{7192BDBF-A0DF-4CE8-AAF4-E7F7635AA153}.Release|x86.Build.0 = Release|Any CPU
		{5BCA57C5-449F-4BB9-9F1F-C72F56F5C2A6}.Debug|Any CPU.ActiveCfg = Debug|Any CPU
		{5BCA57C5-449F-4BB9-9F1F-C72F56F5C2A6}.Debug|Any CPU.Build.0 = Debug|Any CPU
		{5BCA57C5-449F-4BB9-9F1F-C72F56F5C2A6}.Debug|x64.ActiveCfg = Debug|Any CPU
		{5BCA57C5-449F-4BB9-9F1F-C72F56F5C2A6}.Debug|x64.Build.0 = Debug|Any CPU
		{5BCA57C5-449F-4BB9-9F1F-C72F56F5C2A6}.Debug|x86.ActiveCfg = Debug|Any CPU
		{5BCA57C5-449F-4BB9-9F1F-C72F56F5C2A6}.Debug|x86.Build.0 = Debug|Any CPU
		{5BCA57C5-449F-4BB9-9F1F-C72F56F5C2A6}.Release|Any CPU.ActiveCfg = Release|Any CPU
		{5BCA57C5-449F-4BB9-9F1F-C72F56F5C2A6}.Release|Any CPU.Build.0 = Release|Any CPU
		{5BCA57C5-449F-4BB9-9F1F-C72F56F5C2A6}.Release|x64.ActiveCfg = Release|Any CPU
		{5BCA57C5-449F-4BB9-9F1F-C72F56F5C2A6}.Release|x64.Build.0 = Release|Any CPU
		{5BCA57C5-449F-4BB9-9F1F-C72F56F5C2A6}.Release|x86.ActiveCfg = Release|Any CPU
		{5BCA57C5-449F-4BB9-9F1F-C72F56F5C2A6}.Release|x86.Build.0 = Release|Any CPU
	EndGlobalSection
EndGlobal
