
Microsoft Visual Studio Solution File, Format Version 12.00
# Visual Studio 15
VisualStudioVersion = 15.0.28010.2041
MinimumVisualStudioVersion = 10.0.40219.1
Project("{FAE04EC0-301F-11D3-BF4B-00C04F79EFBC}") = "CityManagement", "CityManagement\CityManagement.csproj", "{3E87B12C-F54F-4476-AFEC-B6E8C03DB8F8}"
EndProject
Project("{FAE04EC0-301F-11D3-BF4B-00C04F79EFBC}") = "DataLayer", "DataLayer\DataLayer.csproj", "{851A235F-61D6-4204-B980-59FAF3A19B59}"
EndProject
Project("{FAE04EC0-301F-11D3-BF4B-00C04F79EFBC}") = "BussinessLayer", "BussinessLayer\BussinessLayer.csproj", "{94C2ABA1-A4DA-4D3B-93E7-86C71284D6BA}"
EndProject
Global
	GlobalSection(SolutionConfigurationPlatforms) = preSolution
		Debug|Any CPU = Debug|Any CPU
		Release|Any CPU = Release|Any CPU
	EndGlobalSection
	GlobalSection(ProjectConfigurationPlatforms) = postSolution
		{3E87B12C-F54F-4476-AFEC-B6E8C03DB8F8}.Debug|Any CPU.ActiveCfg = Debug|Any CPU
		{3E87B12C-F54F-4476-AFEC-B6E8C03DB8F8}.Debug|Any CPU.Build.0 = Debug|Any CPU
		{3E87B12C-F54F-4476-AFEC-B6E8C03DB8F8}.Release|Any CPU.ActiveCfg = Release|Any CPU
		{3E87B12C-F54F-4476-AFEC-B6E8C03DB8F8}.Release|Any CPU.Build.0 = Release|Any CPU
		{851A235F-61D6-4204-B980-59FAF3A19B59}.Debug|Any CPU.ActiveCfg = Debug|Any CPU
		{851A235F-61D6-4204-B980-59FAF3A19B59}.Debug|Any CPU.Build.0 = Debug|Any CPU
		{851A235F-61D6-4204-B980-59FAF3A19B59}.Release|Any CPU.ActiveCfg = Release|Any CPU
		{851A235F-61D6-4204-B980-59FAF3A19B59}.Release|Any CPU.Build.0 = Release|Any CPU
		{94C2ABA1-A4DA-4D3B-93E7-86C71284D6BA}.Debug|Any CPU.ActiveCfg = Debug|Any CPU
		{94C2ABA1-A4DA-4D3B-93E7-86C71284D6BA}.Debug|Any CPU.Build.0 = Debug|Any CPU
		{94C2ABA1-A4DA-4D3B-93E7-86C71284D6BA}.Release|Any CPU.ActiveCfg = Release|Any CPU
		{94C2ABA1-A4DA-4D3B-93E7-86C71284D6BA}.Release|Any CPU.Build.0 = Release|Any CPU
	EndGlobalSection
	GlobalSection(SolutionProperties) = preSolution
		HideSolutionNode = FALSE
	EndGlobalSection
	GlobalSection(ExtensibilityGlobals) = postSolution
		SolutionGuid = {945261FD-3FB8-4314-91AC-65F6E98FEE88}
	EndGlobalSection
EndGlobal
